
Microsoft Visual Studio Solution File, Format Version 12.00
# Visual Studio Version 17
VisualStudioVersion = 17.3.32929.385
MinimumVisualStudioVersion = 10.0.40219.1
Project("{FAE04EC0-301F-11D3-BF4B-00C04F79EFBC}") = "Mededa", "Mededa.csproj", "{DE8384B0-0126-4E2D-A3EF-4E11CACA7EA6}"
EndProject
Global
	GlobalSection(SolutionConfigurationPlatforms) = preSolution
		Debug|Any CPU = Debug|Any CPU
		Release|Any CPU = Release|Any CPU
	EndGlobalSection
	GlobalSection(ProjectConfigurationPlatforms) = postSolution
		{DE8384B0-0126-4E2D-A3EF-4E11CACA7EA6}.Debug|Any CPU.ActiveCfg = Debug|Any CPU
		{DE8384B0-0126-4E2D-A3EF-4E11CACA7EA6}.Debug|Any CPU.Build.0 = Debug|Any CPU
		{DE8384B0-0126-4E2D-A3EF-4E11CACA7EA6}.Release|Any CPU.ActiveCfg = Release|Any CPU
		{DE8384B0-0126-4E2D-A3EF-4E11CACA7EA6}.Release|Any CPU.Build.0 = Release|Any CPU
	EndGlobalSection
	GlobalSection(SolutionProperties) = preSolution
		HideSolutionNode = FALSE
	EndGlobalSection
	GlobalSection(ExtensibilityGlobals) = postSolution
		SolutionGuid = {64EBC2BE-7DEA-471D-A68B-FB405CA45889}
	EndGlobalSection
EndGlobal
