
Microsoft Visual Studio Solution File, Format Version 12.00
# Visual Studio Version 17
VisualStudioVersion = 17.3.32929.385
MinimumVisualStudioVersion = 10.0.40219.1
Project("{FAE04EC0-301F-11D3-BF4B-00C04F79EFBC}") = "ArtRepositorySystem", "ArtRepositorySystem\ArtRepositorySystem.csproj", "{B5F00B10-EEE5-4094-8313-1715023A4695}"
EndProject
Global
	GlobalSection(SolutionConfigurationPlatforms) = preSolution
		Debug|Any CPU = Debug|Any CPU
		Release|Any CPU = Release|Any CPU
	EndGlobalSection
	GlobalSection(ProjectConfigurationPlatforms) = postSolution
		{B5F00B10-EEE5-4094-8313-1715023A4695}.Debug|Any CPU.ActiveCfg = Debug|Any CPU
		{B5F00B10-EEE5-4094-8313-1715023A4695}.Debug|Any CPU.Build.0 = Debug|Any CPU
		{B5F00B10-EEE5-4094-8313-1715023A4695}.Release|Any CPU.ActiveCfg = Release|Any CPU
		{B5F00B10-EEE5-4094-8313-1715023A4695}.Release|Any CPU.Build.0 = Release|Any CPU
	EndGlobalSection
	GlobalSection(SolutionProperties) = preSolution
		HideSolutionNode = FALSE
	EndGlobalSection
	GlobalSection(ExtensibilityGlobals) = postSolution
		SolutionGuid = {DA8E6496-5096-4491-B0A2-4FB8EF65D5D4}
	EndGlobalSection
EndGlobal
